// !$*UTF8*$!
{
	archiveVersion = 1;
	classes = {
	};
	objectVersion = 51;
	objects = {

/* Begin PBXBuildFile section */
		0B7810652B61E590CD1037BE /* Pods_Parstagram.framework in Frameworks */ = {isa = PBXBuildFile; fileRef = 708EFBED912C63BB55970E95 /* Pods_Parstagram.framework */; };
		2680C6BC04CC7A7F8863CE50 /* Pods_ParstagramTests.framework in Frameworks */ = {isa = PBXBuildFile; fileRef = FE11012ECE65C13FE068429A /* Pods_ParstagramTests.framework */; };
		BFF6C4D3EA8BFF4B3E82A782 /* Pods_Parstagram_ParstagramUITests.framework in Frameworks */ = {isa = PBXBuildFile; fileRef = 29675CB15C9E84523FB7CC4C /* Pods_Parstagram_ParstagramUITests.framework */; };
		CB56B21725FB3E0B00BD07F4 /* PostCell.swift in Sources */ = {isa = PBXBuildFile; fileRef = CB56B21625FB3E0B00BD07F4 /* PostCell.swift */; };
		CB68D28225FB1F7800C66A55 /* LoginViewController.swift in Sources */ = {isa = PBXBuildFile; fileRef = CB68D28125FB1F7800C66A55 /* LoginViewController.swift */; };
		CB68D28725FB1F8300C66A55 /* FeedViewController.swift in Sources */ = {isa = PBXBuildFile; fileRef = CB68D28625FB1F8300C66A55 /* FeedViewController.swift */; };
		CB68D28C25FB2FEE00C66A55 /* CameraViewController.swift in Sources */ = {isa = PBXBuildFile; fileRef = CB68D28B25FB2FEE00C66A55 /* CameraViewController.swift */; };
		CBBE64B026046C9E00786E80 /* CommentCell.swift in Sources */ = {isa = PBXBuildFile; fileRef = CBBE64AF26046C9E00786E80 /* CommentCell.swift */; };
		CBD9064625FB13DB0032E651 /* AppDelegate.swift in Sources */ = {isa = PBXBuildFile; fileRef = CBD9064525FB13DB0032E651 /* AppDelegate.swift */; };
		CBD9064825FB13DB0032E651 /* SceneDelegate.swift in Sources */ = {isa = PBXBuildFile; fileRef = CBD9064725FB13DB0032E651 /* SceneDelegate.swift */; };
		CBD9064D25FB13DB0032E651 /* Main.storyboard in Resources */ = {isa = PBXBuildFile; fileRef = CBD9064B25FB13DB0032E651 /* Main.storyboard */; };
		CBD9064F25FB13DC0032E651 /* Assets.xcassets in Resources */ = {isa = PBXBuildFile; fileRef = CBD9064E25FB13DC0032E651 /* Assets.xcassets */; };
		CBD9065225FB13DC0032E651 /* LaunchScreen.storyboard in Resources */ = {isa = PBXBuildFile; fileRef = CBD9065025FB13DC0032E651 /* LaunchScreen.storyboard */; };
		CBD9065D25FB13DC0032E651 /* ParstagramTests.swift in Sources */ = {isa = PBXBuildFile; fileRef = CBD9065C25FB13DC0032E651 /* ParstagramTests.swift */; };
		CBD9066825FB13DC0032E651 /* ParstagramUITests.swift in Sources */ = {isa = PBXBuildFile; fileRef = CBD9066725FB13DC0032E651 /* ParstagramUITests.swift */; };
/* End PBXBuildFile section */

/* Begin PBXContainerItemProxy section */
		CBD9065925FB13DC0032E651 /* PBXContainerItemProxy */ = {
			isa = PBXContainerItemProxy;
			containerPortal = CBD9063A25FB13DB0032E651 /* Project object */;
			proxyType = 1;
			remoteGlobalIDString = CBD9064125FB13DB0032E651;
			remoteInfo = Parstagram;
		};
		CBD9066425FB13DC0032E651 /* PBXContainerItemProxy */ = {
			isa = PBXContainerItemProxy;
			containerPortal = CBD9063A25FB13DB0032E651 /* Project object */;
			proxyType = 1;
			remoteGlobalIDString = CBD9064125FB13DB0032E651;
			remoteInfo = Parstagram;
		};
/* End PBXContainerItemProxy section */

/* Begin PBXFileReference section */
		05E4BDB3EA0C2E02C85B4AA1 /* Pods-ParstagramTests.debug.xcconfig */ = {isa = PBXFileReference; includeInIndex = 1; lastKnownFileType = text.xcconfig; name = "Pods-ParstagramTests.debug.xcconfig"; path = "Target Support Files/Pods-ParstagramTests/Pods-ParstagramTests.debug.xcconfig"; sourceTree = "<group>"; };
		29675CB15C9E84523FB7CC4C /* Pods_Parstagram_ParstagramUITests.framework */ = {isa = PBXFileReference; explicitFileType = wrapper.framework; includeInIndex = 0; path = Pods_Parstagram_ParstagramUITests.framework; sourceTree = BUILT_PRODUCTS_DIR; };
		5B8BBB02184E104046B1F1BA /* Pods-ParstagramTests.release.xcconfig */ = {isa = PBXFileReference; includeInIndex = 1; lastKnownFileType = text.xcconfig; name = "Pods-ParstagramTests.release.xcconfig"; path = "Target Support Files/Pods-ParstagramTests/Pods-ParstagramTests.release.xcconfig"; sourceTree = "<group>"; };
		708EFBED912C63BB55970E95 /* Pods_Parstagram.framework */ = {isa = PBXFileReference; explicitFileType = wrapper.framework; includeInIndex = 0; path = Pods_Parstagram.framework; sourceTree = BUILT_PRODUCTS_DIR; };
		911AD825D226A8D64A1C9028 /* Pods-Parstagram.release.xcconfig */ = {isa = PBXFileReference; includeInIndex = 1; lastKnownFileType = text.xcconfig; name = "Pods-Parstagram.release.xcconfig"; path = "Target Support Files/Pods-Parstagram/Pods-Parstagram.release.xcconfig"; sourceTree = "<group>"; };
		9B6E1E5FFB96A247C5B0193D /* Pods-Parstagram-ParstagramUITests.debug.xcconfig */ = {isa = PBXFileReference; includeInIndex = 1; lastKnownFileType = text.xcconfig; name = "Pods-Parstagram-ParstagramUITests.debug.xcconfig"; path = "Target Support Files/Pods-Parstagram-ParstagramUITests/Pods-Parstagram-ParstagramUITests.debug.xcconfig"; sourceTree = "<group>"; };
		B0E207404FB19BDCC7249461 /* Pods-Parstagram-ParstagramUITests.release.xcconfig */ = {isa = PBXFileReference; includeInIndex = 1; lastKnownFileType = text.xcconfig; name = "Pods-Parstagram-ParstagramUITests.release.xcconfig"; path = "Target Support Files/Pods-Parstagram-ParstagramUITests/Pods-Parstagram-ParstagramUITests.release.xcconfig"; sourceTree = "<group>"; };
		CB56B21625FB3E0B00BD07F4 /* PostCell.swift */ = {isa = PBXFileReference; lastKnownFileType = sourcecode.swift; path = PostCell.swift; sourceTree = "<group>"; };
		CB68D28125FB1F7800C66A55 /* LoginViewController.swift */ = {isa = PBXFileReference; lastKnownFileType = sourcecode.swift; path = LoginViewController.swift; sourceTree = "<group>"; };
		CB68D28625FB1F8300C66A55 /* FeedViewController.swift */ = {isa = PBXFileReference; lastKnownFileType = sourcecode.swift; path = FeedViewController.swift; sourceTree = "<group>"; };
		CB68D28B25FB2FEE00C66A55 /* CameraViewController.swift */ = {isa = PBXFileReference; lastKnownFileType = sourcecode.swift; path = CameraViewController.swift; sourceTree = "<group>"; };
		CBBE64AF26046C9E00786E80 /* CommentCell.swift */ = {isa = PBXFileReference; lastKnownFileType = sourcecode.swift; path = CommentCell.swift; sourceTree = "<group>"; };
		CBD9064225FB13DB0032E651 /* Parstagram.app */ = {isa = PBXFileReference; explicitFileType = wrapper.application; includeInIndex = 0; path = Parstagram.app; sourceTree = BUILT_PRODUCTS_DIR; };
		CBD9064525FB13DB0032E651 /* AppDelegate.swift */ = {isa = PBXFileReference; lastKnownFileType = sourcecode.swift; path = AppDelegate.swift; sourceTree = "<group>"; };
		CBD9064725FB13DB0032E651 /* SceneDelegate.swift */ = {isa = PBXFileReference; lastKnownFileType = sourcecode.swift; path = SceneDelegate.swift; sourceTree = "<group>"; };
		CBD9064C25FB13DB0032E651 /* Base */ = {isa = PBXFileReference; lastKnownFileType = file.storyboard; name = Base; path = Base.lproj/Main.storyboard; sourceTree = "<group>"; };
		CBD9064E25FB13DC0032E651 /* Assets.xcassets */ = {isa = PBXFileReference; lastKnownFileType = folder.assetcatalog; path = Assets.xcassets; sourceTree = "<group>"; };
		CBD9065125FB13DC0032E651 /* Base */ = {isa = PBXFileReference; lastKnownFileType = file.storyboard; name = Base; path = Base.lproj/LaunchScreen.storyboard; sourceTree = "<group>"; };
		CBD9065325FB13DC0032E651 /* Info.plist */ = {isa = PBXFileReference; lastKnownFileType = text.plist.xml; path = Info.plist; sourceTree = "<group>"; };
		CBD9065825FB13DC0032E651 /* ParstagramTests.xctest */ = {isa = PBXFileReference; explicitFileType = wrapper.cfbundle; includeInIndex = 0; path = ParstagramTests.xctest; sourceTree = BUILT_PRODUCTS_DIR; };
		CBD9065C25FB13DC0032E651 /* ParstagramTests.swift */ = {isa = PBXFileReference; lastKnownFileType = sourcecode.swift; path = ParstagramTests.swift; sourceTree = "<group>"; };
		CBD9065E25FB13DC0032E651 /* Info.plist */ = {isa = PBXFileReference; lastKnownFileType = text.plist.xml; path = Info.plist; sourceTree = "<group>"; };
		CBD9066325FB13DC0032E651 /* ParstagramUITests.xctest */ = {isa = PBXFileReference; explicitFileType = wrapper.cfbundle; includeInIndex = 0; path = ParstagramUITests.xctest; sourceTree = BUILT_PRODUCTS_DIR; };
		CBD9066725FB13DC0032E651 /* ParstagramUITests.swift */ = {isa = PBXFileReference; lastKnownFileType = sourcecode.swift; path = ParstagramUITests.swift; sourceTree = "<group>"; };
		CBD9066925FB13DC0032E651 /* Info.plist */ = {isa = PBXFileReference; lastKnownFileType = text.plist.xml; path = Info.plist; sourceTree = "<group>"; };
		FE11012ECE65C13FE068429A /* Pods_ParstagramTests.framework */ = {isa = PBXFileReference; explicitFileType = wrapper.framework; includeInIndex = 0; path = Pods_ParstagramTests.framework; sourceTree = BUILT_PRODUCTS_DIR; };
		FE223F26D92807F161D271B8 /* Pods-Parstagram.debug.xcconfig */ = {isa = PBXFileReference; includeInIndex = 1; lastKnownFileType = text.xcconfig; name = "Pods-Parstagram.debug.xcconfig"; path = "Target Support Files/Pods-Parstagram/Pods-Parstagram.debug.xcconfig"; sourceTree = "<group>"; };
/* End PBXFileReference section */

/* Begin PBXFrameworksBuildPhase section */
		CBD9063F25FB13DB0032E651 /* Frameworks */ = {
			isa = PBXFrameworksBuildPhase;
			buildActionMask = 2147483647;
			files = (
				0B7810652B61E590CD1037BE /* Pods_Parstagram.framework in Frameworks */,
			);
			runOnlyForDeploymentPostprocessing = 0;
		};
		CBD9065525FB13DC0032E651 /* Frameworks */ = {
			isa = PBXFrameworksBuildPhase;
			buildActionMask = 2147483647;
			files = (
				2680C6BC04CC7A7F8863CE50 /* Pods_ParstagramTests.framework in Frameworks */,
			);
			runOnlyForDeploymentPostprocessing = 0;
		};
		CBD9066025FB13DC0032E651 /* Frameworks */ = {
			isa = PBXFrameworksBuildPhase;
			buildActionMask = 2147483647;
			files = (
				BFF6C4D3EA8BFF4B3E82A782 /* Pods_Parstagram_ParstagramUITests.framework in Frameworks */,
			);
			runOnlyForDeploymentPostprocessing = 0;
		};
/* End PBXFrameworksBuildPhase section */

/* Begin PBXGroup section */
		2EB9B875B6198E726426B57A /* Frameworks */ = {
			isa = PBXGroup;
			children = (
				708EFBED912C63BB55970E95 /* Pods_Parstagram.framework */,
				29675CB15C9E84523FB7CC4C /* Pods_Parstagram_ParstagramUITests.framework */,
				FE11012ECE65C13FE068429A /* Pods_ParstagramTests.framework */,
			);
			name = Frameworks;
			sourceTree = "<group>";
		};
		BC79ECE6BD1EB64B1EAE4EA4 /* Pods */ = {
			isa = PBXGroup;
			children = (
				FE223F26D92807F161D271B8 /* Pods-Parstagram.debug.xcconfig */,
				911AD825D226A8D64A1C9028 /* Pods-Parstagram.release.xcconfig */,
				9B6E1E5FFB96A247C5B0193D /* Pods-Parstagram-ParstagramUITests.debug.xcconfig */,
				B0E207404FB19BDCC7249461 /* Pods-Parstagram-ParstagramUITests.release.xcconfig */,
				05E4BDB3EA0C2E02C85B4AA1 /* Pods-ParstagramTests.debug.xcconfig */,
				5B8BBB02184E104046B1F1BA /* Pods-ParstagramTests.release.xcconfig */,
			);
			path = Pods;
			sourceTree = "<group>";
		};
		CBD9063925FB13DB0032E651 = {
			isa = PBXGroup;
			children = (
				CBD9064425FB13DB0032E651 /* Parstagram */,
				CBD9065B25FB13DC0032E651 /* ParstagramTests */,
				CBD9066625FB13DC0032E651 /* ParstagramUITests */,
				CBD9064325FB13DB0032E651 /* Products */,
				BC79ECE6BD1EB64B1EAE4EA4 /* Pods */,
				2EB9B875B6198E726426B57A /* Frameworks */,
			);
			sourceTree = "<group>";
		};
		CBD9064325FB13DB0032E651 /* Products */ = {
			isa = PBXGroup;
			children = (
				CBD9064225FB13DB0032E651 /* Parstagram.app */,
				CBD9065825FB13DC0032E651 /* ParstagramTests.xctest */,
				CBD9066325FB13DC0032E651 /* ParstagramUITests.xctest */,
			);
			name = Products;
			sourceTree = "<group>";
		};
		CBD9064425FB13DB0032E651 /* Parstagram */ = {
			isa = PBXGroup;
			children = (
				CBD9064525FB13DB0032E651 /* AppDelegate.swift */,
				CBD9064725FB13DB0032E651 /* SceneDelegate.swift */,
				CBD9064B25FB13DB0032E651 /* Main.storyboard */,
				CBD9064E25FB13DC0032E651 /* Assets.xcassets */,
				CBD9065025FB13DC0032E651 /* LaunchScreen.storyboard */,
				CBD9065325FB13DC0032E651 /* Info.plist */,
				CB68D28125FB1F7800C66A55 /* LoginViewController.swift */,
				CB68D28625FB1F8300C66A55 /* FeedViewController.swift */,
				CB68D28B25FB2FEE00C66A55 /* CameraViewController.swift */,
				CB56B21625FB3E0B00BD07F4 /* PostCell.swift */,
				CBBE64AF26046C9E00786E80 /* CommentCell.swift */,
			);
			path = Parstagram;
			sourceTree = "<group>";
		};
		CBD9065B25FB13DC0032E651 /* ParstagramTests */ = {
			isa = PBXGroup;
			children = (
				CBD9065C25FB13DC0032E651 /* ParstagramTests.swift */,
				CBD9065E25FB13DC0032E651 /* Info.plist */,
			);
			path = ParstagramTests;
			sourceTree = "<group>";
		};
		CBD9066625FB13DC0032E651 /* ParstagramUITests */ = {
			isa = PBXGroup;
			children = (
				CBD9066725FB13DC0032E651 /* ParstagramUITests.swift */,
				CBD9066925FB13DC0032E651 /* Info.plist */,
			);
			path = ParstagramUITests;
			sourceTree = "<group>";
		};
/* End PBXGroup section */

/* Begin PBXNativeTarget section */
		CBD9064125FB13DB0032E651 /* Parstagram */ = {
			isa = PBXNativeTarget;
			buildConfigurationList = CBD9066C25FB13DC0032E651 /* Build configuration list for PBXNativeTarget "Parstagram" */;
			buildPhases = (
				0343E4232D007517CA1CA41D /* [CP] Check Pods Manifest.lock */,
				CBD9063E25FB13DB0032E651 /* Sources */,
				CBD9063F25FB13DB0032E651 /* Frameworks */,
				CBD9064025FB13DB0032E651 /* Resources */,
				D39030F2DF613024210D8716 /* [CP] Embed Pods Frameworks */,
			);
			buildRules = (
			);
			dependencies = (
			);
			name = Parstagram;
			productName = Parstagram;
			productReference = CBD9064225FB13DB0032E651 /* Parstagram.app */;
			productType = "com.apple.product-type.application";
		};
		CBD9065725FB13DC0032E651 /* ParstagramTests */ = {
			isa = PBXNativeTarget;
			buildConfigurationList = CBD9066F25FB13DC0032E651 /* Build configuration list for PBXNativeTarget "ParstagramTests" */;
			buildPhases = (
				923F316ACE2B4357D8A02B29 /* [CP] Check Pods Manifest.lock */,
				CBD9065425FB13DC0032E651 /* Sources */,
				CBD9065525FB13DC0032E651 /* Frameworks */,
				CBD9065625FB13DC0032E651 /* Resources */,
			);
			buildRules = (
			);
			dependencies = (
				CBD9065A25FB13DC0032E651 /* PBXTargetDependency */,
			);
			name = ParstagramTests;
			productName = ParstagramTests;
			productReference = CBD9065825FB13DC0032E651 /* ParstagramTests.xctest */;
			productType = "com.apple.product-type.bundle.unit-test";
		};
		CBD9066225FB13DC0032E651 /* ParstagramUITests */ = {
			isa = PBXNativeTarget;
			buildConfigurationList = CBD9067225FB13DC0032E651 /* Build configuration list for PBXNativeTarget "ParstagramUITests" */;
			buildPhases = (
				4C7E3C40E927FD29B51473B2 /* [CP] Check Pods Manifest.lock */,
				CBD9065F25FB13DC0032E651 /* Sources */,
				CBD9066025FB13DC0032E651 /* Frameworks */,
				CBD9066125FB13DC0032E651 /* Resources */,
				2AF7251BEAE3598E0EB030A3 /* [CP] Embed Pods Frameworks */,
			);
			buildRules = (
			);
			dependencies = (
				CBD9066525FB13DC0032E651 /* PBXTargetDependency */,
			);
			name = ParstagramUITests;
			productName = ParstagramUITests;
			productReference = CBD9066325FB13DC0032E651 /* ParstagramUITests.xctest */;
			productType = "com.apple.product-type.bundle.ui-testing";
		};
/* End PBXNativeTarget section */

/* Begin PBXProject section */
		CBD9063A25FB13DB0032E651 /* Project object */ = {
			isa = PBXProject;
			attributes = {
				LastSwiftUpdateCheck = 1240;
				LastUpgradeCheck = 1240;
				TargetAttributes = {
					CBD9064125FB13DB0032E651 = {
						CreatedOnToolsVersion = 12.4;
					};
					CBD9065725FB13DC0032E651 = {
						CreatedOnToolsVersion = 12.4;
						TestTargetID = CBD9064125FB13DB0032E651;
					};
					CBD9066225FB13DC0032E651 = {
						CreatedOnToolsVersion = 12.4;
						TestTargetID = CBD9064125FB13DB0032E651;
					};
				};
			};
			buildConfigurationList = CBD9063D25FB13DB0032E651 /* Build configuration list for PBXProject "Parstagram" */;
			compatibilityVersion = "Xcode 9.3";
			developmentRegion = en;
			hasScannedForEncodings = 0;
			knownRegions = (
				en,
				Base,
			);
			mainGroup = CBD9063925FB13DB0032E651;
			productRefGroup = CBD9064325FB13DB0032E651 /* Products */;
			projectDirPath = "";
			projectRoot = "";
			targets = (
				CBD9064125FB13DB0032E651 /* Parstagram */,
				CBD9065725FB13DC0032E651 /* ParstagramTests */,
				CBD9066225FB13DC0032E651 /* ParstagramUITests */,
			);
		};
/* End PBXProject section */

/* Begin PBXResourcesBuildPhase section */
		CBD9064025FB13DB0032E651 /* Resources */ = {
			isa = PBXResourcesBuildPhase;
			buildActionMask = 2147483647;
			files = (
				CBD9065225FB13DC0032E651 /* LaunchScreen.storyboard in Resources */,
				CBD9064F25FB13DC0032E651 /* Assets.xcassets in Resources */,
				CBD9064D25FB13DB0032E651 /* Main.storyboard in Resources */,
			);
			runOnlyForDeploymentPostprocessing = 0;
		};
		CBD9065625FB13DC0032E651 /* Resources */ = {
			isa = PBXResourcesBuildPhase;
			buildActionMask = 2147483647;
			files = (
			);
			runOnlyForDeploymentPostprocessing = 0;
		};
		CBD9066125FB13DC0032E651 /* Resources */ = {
			isa = PBXResourcesBuildPhase;
			buildActionMask = 2147483647;
			files = (
			);
			runOnlyForDeploymentPostprocessing = 0;
		};
/* End PBXResourcesBuildPhase section */

/* Begin PBXShellScriptBuildPhase section */
		0343E4232D007517CA1CA41D /* [CP] Check Pods Manifest.lock */ = {
			isa = PBXShellScriptBuildPhase;
			buildActionMask = 2147483647;
			files = (
			);
			inputFileListPaths = (
			);
			inputPaths = (
				"${PODS_PODFILE_DIR_PATH}/Podfile.lock",
				"${PODS_ROOT}/Manifest.lock",
			);
			name = "[CP] Check Pods Manifest.lock";
			outputFileListPaths = (
			);
			outputPaths = (
				"$(DERIVED_FILE_DIR)/Pods-Parstagram-checkManifestLockResult.txt",
			);
			runOnlyForDeploymentPostprocessing = 0;
			shellPath = /bin/sh;
			shellScript = "diff \"${PODS_PODFILE_DIR_PATH}/Podfile.lock\" \"${PODS_ROOT}/Manifest.lock\" > /dev/null\nif [ $? != 0 ] ; then\n    # print error to STDERR\n    echo \"error: The sandbox is not in sync with the Podfile.lock. Run 'pod install' or update your CocoaPods installation.\" >&2\n    exit 1\nfi\n# This output is used by Xcode 'outputs' to avoid re-running this script phase.\necho \"SUCCESS\" > \"${SCRIPT_OUTPUT_FILE_0}\"\n";
			showEnvVarsInLog = 0;
		};
		2AF7251BEAE3598E0EB030A3 /* [CP] Embed Pods Frameworks */ = {
			isa = PBXShellScriptBuildPhase;
			buildActionMask = 2147483647;
			files = (
			);
			inputFileListPaths = (
				"${PODS_ROOT}/Target Support Files/Pods-Parstagram-ParstagramUITests/Pods-Parstagram-ParstagramUITests-frameworks-${CONFIGURATION}-input-files.xcfilelist",
			);
			name = "[CP] Embed Pods Frameworks";
			outputFileListPaths = (
				"${PODS_ROOT}/Target Support Files/Pods-Parstagram-ParstagramUITests/Pods-Parstagram-ParstagramUITests-frameworks-${CONFIGURATION}-output-files.xcfilelist",
			);
			runOnlyForDeploymentPostprocessing = 0;
			shellPath = /bin/sh;
			shellScript = "\"${PODS_ROOT}/Target Support Files/Pods-Parstagram-ParstagramUITests/Pods-Parstagram-ParstagramUITests-frameworks.sh\"\n";
			showEnvVarsInLog = 0;
		};
		4C7E3C40E927FD29B51473B2 /* [CP] Check Pods Manifest.lock */ = {
			isa = PBXShellScriptBuildPhase;
			buildActionMask = 2147483647;
			files = (
			);
			inputFileListPaths = (
			);
			inputPaths = (
				"${PODS_PODFILE_DIR_PATH}/Podfile.lock",
				"${PODS_ROOT}/Manifest.lock",
			);
			name = "[CP] Check Pods Manifest.lock";
			outputFileListPaths = (
			);
			outputPaths = (
				"$(DERIVED_FILE_DIR)/Pods-Parstagram-ParstagramUITests-checkManifestLockResult.txt",
			);
			runOnlyForDeploymentPostprocessing = 0;
			shellPath = /bin/sh;
			shellScript = "diff \"${PODS_PODFILE_DIR_PATH}/Podfile.lock\" \"${PODS_ROOT}/Manifest.lock\" > /dev/null\nif [ $? != 0 ] ; then\n    # print error to STDERR\n    echo \"error: The sandbox is not in sync with the Podfile.lock. Run 'pod install' or update your CocoaPods installation.\" >&2\n    exit 1\nfi\n# This output is used by Xcode 'outputs' to avoid re-running this script phase.\necho \"SUCCESS\" > \"${SCRIPT_OUTPUT_FILE_0}\"\n";
			showEnvVarsInLog = 0;
		};
		923F316ACE2B4357D8A02B29 /* [CP] Check Pods Manifest.lock */ = {
			isa = PBXShellScriptBuildPhase;
			buildActionMask = 2147483647;
			files = (
			);
			inputFileListPaths = (
			);
			inputPaths = (
				"${PODS_PODFILE_DIR_PATH}/Podfile.lock",
				"${PODS_ROOT}/Manifest.lock",
			);
			name = "[CP] Check Pods Manifest.lock";
			outputFileListPaths = (
			);
			outputPaths = (
				"$(DERIVED_FILE_DIR)/Pods-ParstagramTests-checkManifestLockResult.txt",
			);
			runOnlyForDeploymentPostprocessing = 0;
			shellPath = /bin/sh;
			shellScript = "diff \"${PODS_PODFILE_DIR_PATH}/Podfile.lock\" \"${PODS_ROOT}/Manifest.lock\" > /dev/null\nif [ $? != 0 ] ; then\n    # print error to STDERR\n    echo \"error: The sandbox is not in sync with the Podfile.lock. Run 'pod install' or update your CocoaPods installation.\" >&2\n    exit 1\nfi\n# This output is used by Xcode 'outputs' to avoid re-running this script phase.\necho \"SUCCESS\" > \"${SCRIPT_OUTPUT_FILE_0}\"\n";
			showEnvVarsInLog = 0;
		};
		D39030F2DF613024210D8716 /* [CP] Embed Pods Frameworks */ = {
			isa = PBXShellScriptBuildPhase;
			buildActionMask = 2147483647;
			files = (
			);
			inputFileListPaths = (
				"${PODS_ROOT}/Target Support Files/Pods-Parstagram/Pods-Parstagram-frameworks-${CONFIGURATION}-input-files.xcfilelist",
			);
			name = "[CP] Embed Pods Frameworks";
			outputFileListPaths = (
				"${PODS_ROOT}/Target Support Files/Pods-Parstagram/Pods-Parstagram-frameworks-${CONFIGURATION}-output-files.xcfilelist",
			);
			runOnlyForDeploymentPostprocessing = 0;
			shellPath = /bin/sh;
			shellScript = "\"${PODS_ROOT}/Target Support Files/Pods-Parstagram/Pods-Parstagram-frameworks.sh\"\n";
			showEnvVarsInLog = 0;
		};
/* End PBXShellScriptBuildPhase section */

/* Begin PBXSourcesBuildPhase section */
		CBD9063E25FB13DB0032E651 /* Sources */ = {
			isa = PBXSourcesBuildPhase;
			buildActionMask = 2147483647;
			files = (
				CB68D28225FB1F7800C66A55 /* LoginViewController.swift in Sources */,
				CB68D28C25FB2FEE00C66A55 /* CameraViewController.swift in Sources */,
				CBD9064625FB13DB0032E651 /* AppDelegate.swift in Sources */,
				CB68D28725FB1F8300C66A55 /* FeedViewController.swift in Sources */,
				CBD9064825FB13DB0032E651 /* SceneDelegate.swift in Sources */,
				CB56B21725FB3E0B00BD07F4 /* PostCell.swift in Sources */,
				CBBE64B026046C9E00786E80 /* CommentCell.swift in Sources */,
			);
			runOnlyForDeploymentPostprocessing = 0;
		};
		CBD9065425FB13DC0032E651 /* Sources */ = {
			isa = PBXSourcesBuildPhase;
			buildActionMask = 2147483647;
			files = (
				CBD9065D25FB13DC0032E651 /* ParstagramTests.swift in Sources */,
			);
			runOnlyForDeploymentPostprocessing = 0;
		};
		CBD9065F25FB13DC0032E651 /* Sources */ = {
			isa = PBXSourcesBuildPhase;
			buildActionMask = 2147483647;
			files = (
				CBD9066825FB13DC0032E651 /* ParstagramUITests.swift in Sources */,
			);
			runOnlyForDeploymentPostprocessing = 0;
		};
/* End PBXSourcesBuildPhase section */

/* Begin PBXTargetDependency section */
		CBD9065A25FB13DC0032E651 /* PBXTargetDependency */ = {
			isa = PBXTargetDependency;
			target = CBD9064125FB13DB0032E651 /* Parstagram */;
			targetProxy = CBD9065925FB13DC0032E651 /* PBXContainerItemProxy */;
		};
		CBD9066525FB13DC0032E651 /* PBXTargetDependency */ = {
			isa = PBXTargetDependency;
			target = CBD9064125FB13DB0032E651 /* Parstagram */;
			targetProxy = CBD9066425FB13DC0032E651 /* PBXContainerItemProxy */;
		};
/* End PBXTargetDependency section */

/* Begin PBXVariantGroup section */
		CBD9064B25FB13DB0032E651 /* Main.storyboard */ = {
			isa = PBXVariantGroup;
			children = (
				CBD9064C25FB13DB0032E651 /* Base */,
			);
			name = Main.storyboard;
			sourceTree = "<group>";
		};
		CBD9065025FB13DC0032E651 /* LaunchScreen.storyboard */ = {
			isa = PBXVariantGroup;
			children = (
				CBD9065125FB13DC0032E651 /* Base */,
			);
			name = LaunchScreen.storyboard;
			sourceTree = "<group>";
		};
/* End PBXVariantGroup section */

/* Begin XCBuildConfiguration section */
		CBD9066A25FB13DC0032E651 /* Debug */ = {
			isa = XCBuildConfiguration;
			buildSettings = {
				ALWAYS_SEARCH_USER_PATHS = NO;
				CLANG_ANALYZER_NONNULL = YES;
				CLANG_ANALYZER_NUMBER_OBJECT_CONVERSION = YES_AGGRESSIVE;
				CLANG_CXX_LANGUAGE_STANDARD = "gnu++14";
				CLANG_CXX_LIBRARY = "libc++";
				CLANG_ENABLE_MODULES = YES;
				CLANG_ENABLE_OBJC_ARC = YES;
				CLANG_ENABLE_OBJC_WEAK = YES;
				CLANG_WARN_BLOCK_CAPTURE_AUTORELEASING = YES;
				CLANG_WARN_BOOL_CONVERSION = YES;
				CLANG_WARN_COMMA = YES;
				CLANG_WARN_CONSTANT_CONVERSION = YES;
				CLANG_WARN_DEPRECATED_OBJC_IMPLEMENTATIONS = YES;
				CLANG_WARN_DIRECT_OBJC_ISA_USAGE = YES_ERROR;
				CLANG_WARN_DOCUMENTATION_COMMENTS = YES;
				CLANG_WARN_EMPTY_BODY = YES;
				CLANG_WARN_ENUM_CONVERSION = YES;
				CLANG_WARN_INFINITE_RECURSION = YES;
				CLANG_WARN_INT_CONVERSION = YES;
				CLANG_WARN_NON_LITERAL_NULL_CONVERSION = YES;
				CLANG_WARN_OBJC_IMPLICIT_RETAIN_SELF = YES;
				CLANG_WARN_OBJC_LITERAL_CONVERSION = YES;
				CLANG_WARN_OBJC_ROOT_CLASS = YES_ERROR;
				CLANG_WARN_QUOTED_INCLUDE_IN_FRAMEWORK_HEADER = YES;
				CLANG_WARN_RANGE_LOOP_ANALYSIS = YES;
				CLANG_WARN_STRICT_PROTOTYPES = YES;
				CLANG_WARN_SUSPICIOUS_MOVE = YES;
				CLANG_WARN_UNGUARDED_AVAILABILITY = YES_AGGRESSIVE;
				CLANG_WARN_UNREACHABLE_CODE = YES;
				CLANG_WARN__DUPLICATE_METHOD_MATCH = YES;
				COPY_PHASE_STRIP = NO;
				DEBUG_INFORMATION_FORMAT = dwarf;
				ENABLE_STRICT_OBJC_MSGSEND = YES;
				ENABLE_TESTABILITY = YES;
				GCC_C_LANGUAGE_STANDARD = gnu11;
				GCC_DYNAMIC_NO_PIC = NO;
				GCC_NO_COMMON_BLOCKS = YES;
				GCC_OPTIMIZATION_LEVEL = 0;
				GCC_PREPROCESSOR_DEFINITIONS = (
					"DEBUG=1",
					"$(inherited)",
				);
				GCC_WARN_64_TO_32_BIT_CONVERSION = YES;
				GCC_WARN_ABOUT_RETURN_TYPE = YES_ERROR;
				GCC_WARN_UNDECLARED_SELECTOR = YES;
				GCC_WARN_UNINITIALIZED_AUTOS = YES_AGGRESSIVE;
				GCC_WARN_UNUSED_FUNCTION = YES;
				GCC_WARN_UNUSED_VARIABLE = YES;
				IPHONEOS_DEPLOYMENT_TARGET = 14.4;
				MTL_ENABLE_DEBUG_INFO = INCLUDE_SOURCE;
				MTL_FAST_MATH = YES;
				ONLY_ACTIVE_ARCH = YES;
				SDKROOT = iphoneos;
				SWIFT_ACTIVE_COMPILATION_CONDITIONS = DEBUG;
				SWIFT_OPTIMIZATION_LEVEL = "-Onone";
			};
			name = Debug;
		};
		CBD9066B25FB13DC0032E651 /* Release */ = {
			isa = XCBuildConfiguration;
			buildSettings = {
				ALWAYS_SEARCH_USER_PATHS = NO;
				CLANG_ANALYZER_NONNULL = YES;
				CLANG_ANALYZER_NUMBER_OBJECT_CONVERSION = YES_AGGRESSIVE;
				CLANG_CXX_LANGUAGE_STANDARD = "gnu++14";
				CLANG_CXX_LIBRARY = "libc++";
				CLANG_ENABLE_MODULES = YES;
				CLANG_ENABLE_OBJC_ARC = YES;
				CLANG_ENABLE_OBJC_WEAK = YES;
				CLANG_WARN_BLOCK_CAPTURE_AUTORELEASING = YES;
				CLANG_WARN_BOOL_CONVERSION = YES;
				CLANG_WARN_COMMA = YES;
				CLANG_WARN_CONSTANT_CONVERSION = YES;
				CLANG_WARN_DEPRECATED_OBJC_IMPLEMENTATIONS = YES;
				CLANG_WARN_DIRECT_OBJC_ISA_USAGE = YES_ERROR;
				CLANG_WARN_DOCUMENTATION_COMMENTS = YES;
				CLANG_WARN_EMPTY_BODY = YES;
				CLANG_WARN_ENUM_CONVERSION = YES;
				CLANG_WARN_INFINITE_RECURSION = YES;
				CLANG_WARN_INT_CONVERSION = YES;
				CLANG_WARN_NON_LITERAL_NULL_CONVERSION = YES;
				CLANG_WARN_OBJC_IMPLICIT_RETAIN_SELF = YES;
				CLANG_WARN_OBJC_LITERAL_CONVERSION = YES;
				CLANG_WARN_OBJC_ROOT_CLASS = YES_ERROR;
				CLANG_WARN_QUOTED_INCLUDE_IN_FRAMEWORK_HEADER = YES;
				CLANG_WARN_RANGE_LOOP_ANALYSIS = YES;
				CLANG_WARN_STRICT_PROTOTYPES = YES;
				CLANG_WARN_SUSPICIOUS_MOVE = YES;
				CLANG_WARN_UNGUARDED_AVAILABILITY = YES_AGGRESSIVE;
				CLANG_WARN_UNREACHABLE_CODE = YES;
				CLANG_WARN__DUPLICATE_METHOD_MATCH = YES;
				COPY_PHASE_STRIP = NO;
				DEBUG_INFORMATION_FORMAT = "dwarf-with-dsym";
				ENABLE_NS_ASSERTIONS = NO;
				ENABLE_STRICT_OBJC_MSGSEND = YES;
				GCC_C_LANGUAGE_STANDARD = gnu11;
				GCC_NO_COMMON_BLOCKS = YES;
				GCC_WARN_64_TO_32_BIT_CONVERSION = YES;
				GCC_WARN_ABOUT_RETURN_TYPE = YES_ERROR;
				GCC_WARN_UNDECLARED_SELECTOR = YES;
				GCC_WARN_UNINITIALIZED_AUTOS = YES_AGGRESSIVE;
				GCC_WARN_UNUSED_FUNCTION = YES;
				GCC_WARN_UNUSED_VARIABLE = YES;
				IPHONEOS_DEPLOYMENT_TARGET = 14.4;
				MTL_ENABLE_DEBUG_INFO = NO;
				MTL_FAST_MATH = YES;
				SDKROOT = iphoneos;
				SWIFT_COMPILATION_MODE = wholemodule;
				SWIFT_OPTIMIZATION_LEVEL = "-O";
				VALIDATE_PRODUCT = YES;
			};
			name = Release;
		};
		CBD9066D25FB13DC0032E651 /* Debug */ = {
			isa = XCBuildConfiguration;
			baseConfigurationReference = FE223F26D92807F161D271B8 /* Pods-Parstagram.debug.xcconfig */;
			buildSettings = {
				ASSETCATALOG_COMPILER_APPICON_NAME = AppIcon;
				ASSETCATALOG_COMPILER_GLOBAL_ACCENT_COLOR_NAME = AccentColor;
				CODE_SIGN_STYLE = Automatic;
				INFOPLIST_FILE = Parstagram/Info.plist;
				LD_RUNPATH_SEARCH_PATHS = (
					"$(inherited)",
					"@executable_path/Frameworks",
				);
				PRODUCT_BUNDLE_IDENTIFIER = pushpalpatil.Parstagram;
				PRODUCT_NAME = "$(TARGET_NAME)";
				SWIFT_VERSION = 5.0;
				TARGETED_DEVICE_FAMILY = "1,2";
			};
			name = Debug;
		};
		CBD9066E25FB13DC0032E651 /* Release */ = {
			isa = XCBuildConfiguration;
			baseConfigurationReference = 911AD825D226A8D64A1C9028 /* Pods-Parstagram.release.xcconfig */;
			buildSettings = {
				ASSETCATALOG_COMPILER_APPICON_NAME = AppIcon;
				ASSETCATALOG_COMPILER_GLOBAL_ACCENT_COLOR_NAME = AccentColor;
				CODE_SIGN_STYLE = Automatic;
				INFOPLIST_FILE = Parstagram/Info.plist;
				LD_RUNPATH_SEARCH_PATHS = (
					"$(inherited)",
					"@executable_path/Frameworks",
				);
				PRODUCT_BUNDLE_IDENTIFIER = pushpalpatil.Parstagram;
				PRODUCT_NAME = "$(TARGET_NAME)";
				SWIFT_VERSION = 5.0;
				TARGETED_DEVICE_FAMILY = "1,2";
			};
			name = Release;
		};
		CBD9067025FB13DC0032E651 /* Debug */ = {
			isa = XCBuildConfiguration;
			baseConfigurationReference = 05E4BDB3EA0C2E02C85B4AA1 /* Pods-ParstagramTests.debug.xcconfig */;
			buildSettings = {
				ALWAYS_EMBED_SWIFT_STANDARD_LIBRARIES = YES;
				BUNDLE_LOADER = "$(TEST_HOST)";
				CODE_SIGN_STYLE = Automatic;
				INFOPLIST_FILE = ParstagramTests/Info.plist;
				IPHONEOS_DEPLOYMENT_TARGET = 14.4;
				LD_RUNPATH_SEARCH_PATHS = (
					"$(inherited)",
					"@executable_path/Frameworks",
					"@loader_path/Frameworks",
				);
				PRODUCT_BUNDLE_IDENTIFIER = pushpalpatil.ParstagramTests;
				PRODUCT_NAME = "$(TARGET_NAME)";
				SWIFT_VERSION = 5.0;
				TARGETED_DEVICE_FAMILY = "1,2";
				TEST_HOST = "$(BUILT_PRODUCTS_DIR)/Parstagram.app/Parstagram";
			};
			name = Debug;
		};
		CBD9067125FB13DC0032E651 /* Release */ = {
			isa = XCBuildConfiguration;
			baseConfigurationReference = 5B8BBB02184E104046B1F1BA /* Pods-ParstagramTests.release.xcconfig */;
			buildSettings = {
				ALWAYS_EMBED_SWIFT_STANDARD_LIBRARIES = YES;
				BUNDLE_LOADER = "$(TEST_HOST)";
				CODE_SIGN_STYLE = Automatic;
				INFOPLIST_FILE = ParstagramTests/Info.plist;
				IPHONEOS_DEPLOYMENT_TARGET = 14.4;
				LD_RUNPATH_SEARCH_PATHS = (
					"$(inherited)",
					"@executable_path/Frameworks",
					"@loader_path/Frameworks",
				);
				PRODUCT_BUNDLE_IDENTIFIER = pushpalpatil.ParstagramTests;
				PRODUCT_NAME = "$(TARGET_NAME)";
				SWIFT_VERSION = 5.0;
				TARGETED_DEVICE_FAMILY = "1,2";
				TEST_HOST = "$(BUILT_PRODUCTS_DIR)/Parstagram.app/Parstagram";
			};
			name = Release;
		};
		CBD9067325FB13DC0032E651 /* Debug */ = {
			isa = XCBuildConfiguration;
			baseConfigurationReference = 9B6E1E5FFB96A247C5B0193D /* Pods-Parstagram-ParstagramUITests.debug.xcconfig */;
			buildSettings = {
				ALWAYS_EMBED_SWIFT_STANDARD_LIBRARIES = YES;
				CODE_SIGN_STYLE = Automatic;
				INFOPLIST_FILE = ParstagramUITests/Info.plist;
				LD_RUNPATH_SEARCH_PATHS = (
					"$(inherited)",
					"@executable_path/Frameworks",
					"@loader_path/Frameworks",
				);
				PRODUCT_BUNDLE_IDENTIFIER = pushpalpatil.ParstagramUITests;
				PRODUCT_NAME = "$(TARGET_NAME)";
				SWIFT_VERSION = 5.0;
				TARGETED_DEVICE_FAMILY = "1,2";
				TEST_TARGET_NAME = Parstagram;
			};
			name = Debug;
		};
		CBD9067425FB13DC0032E651 /* Release */ = {
			isa = XCBuildConfiguration;
			baseConfigurationReference = B0E207404FB19BDCC7249461 /* Pods-Parstagram-ParstagramUITests.release.xcconfig */;
			buildSettings = {
				ALWAYS_EMBED_SWIFT_STANDARD_LIBRARIES = YES;
				CODE_SIGN_STYLE = Automatic;
				INFOPLIST_FILE = ParstagramUITests/Info.plist;
				LD_RUNPATH_SEARCH_PATHS = (
					"$(inherited)",
					"@executable_path/Frameworks",
					"@loader_path/Frameworks",
				);
				PRODUCT_BUNDLE_IDENTIFIER = pushpalpatil.ParstagramUITests;
				PRODUCT_NAME = "$(TARGET_NAME)";
				SWIFT_VERSION = 5.0;
				TARGETED_DEVICE_FAMILY = "1,2";
				TEST_TARGET_NAME = Parstagram;
			};
			name = Release;
		};
/* End XCBuildConfiguration section */

/* Begin XCConfigurationList section */
		CBD9063D25FB13DB0032E651 /* Build configuration list for PBXProject "Parstagram" */ = {
			isa = XCConfigurationList;
			buildConfigurations = (
				CBD9066A25FB13DC0032E651 /* Debug */,
				CBD9066B25FB13DC0032E651 /* Release */,
			);
			defaultConfigurationIsVisible = 0;
			defaultConfigurationName = Release;
		};
		CBD9066C25FB13DC0032E651 /* Build configuration list for PBXNativeTarget "Parstagram" */ = {
			isa = XCConfigurationList;
			buildConfigurations = (
				CBD9066D25FB13DC0032E651 /* Debug */,
				CBD9066E25FB13DC0032E651 /* Release */,
			);
			defaultConfigurationIsVisible = 0;
			defaultConfigurationName = Release;
		};
		CBD9066F25FB13DC0032E651 /* Build configuration list for PBXNativeTarget "ParstagramTests" */ = {
			isa = XCConfigurationList;
			buildConfigurations = (
				CBD9067025FB13DC0032E651 /* Debug */,
				CBD9067125FB13DC0032E651 /* Release */,
			);
			defaultConfigurationIsVisible = 0;
			defaultConfigurationName = Release;
		};
		CBD9067225FB13DC0032E651 /* Build configuration list for PBXNativeTarget "ParstagramUITests" */ = {
			isa = XCConfigurationList;
			buildConfigurations = (
				CBD9067325FB13DC0032E651 /* Debug */,
				CBD9067425FB13DC0032E651 /* Release */,
			);
			defaultConfigurationIsVisible = 0;
			defaultConfigurationName = Release;
		};
/* End XCConfigurationList section */
	};
	rootObject = CBD9063A25FB13DB0032E651 /* Project object */;
}
